
Microsoft Visual Studio Solution File, Format Version 12.00
# Visual Studio Version 17
VisualStudioVersion = 17.0.31903.59
MinimumVisualStudioVersion = 10.0.40219.1
Project("{FAE04EC0-301F-11D3-BF4B-00C04F79EFBC}") = "ProjetoAndre.Aplication", "ProjetoAndre.Aplication\ProjetoAndre.Aplication.csproj", "{8D66D1DD-6DFF-4D87-9A66-E89355651985}"
	ProjectSection(ProjectDependencies) = postProject
		{BFD29F65-3519-4144-8A37-0F26F6D2125A} = {BFD29F65-3519-4144-8A37-0F26F6D2125A}
		{D87925A3-0EAB-476B-B151-54D644C4CFF6} = {D87925A3-0EAB-476B-B151-54D644C4CFF6}
	EndProjectSection
EndProject
Project("{FAE04EC0-301F-11D3-BF4B-00C04F79EFBC}") = "ProjetoAndre.Infrastruct", "ProjetoAndre.Infrastruct\ProjetoAndre.Infrastruct.csproj", "{BFD29F65-3519-4144-8A37-0F26F6D2125A}"
	ProjectSection(ProjectDependencies) = postProject
		{D87925A3-0EAB-476B-B151-54D644C4CFF6} = {D87925A3-0EAB-476B-B151-54D644C4CFF6}
	EndProjectSection
EndProject
Project("{FAE04EC0-301F-11D3-BF4B-00C04F79EFBC}") = "ProjetoAndre.Domain", "ProjetoAndre.Domain\ProjetoAndre.Domain.csproj", "{D87925A3-0EAB-476B-B151-54D644C4CFF6}"
EndProject
Project("{FAE04EC0-301F-11D3-BF4B-00C04F79EFBC}") = "ProjetoAndre.Presentation", "ProjetoAndre.Presentation\ProjetoAndre.Presentation.csproj", "{D0C7B89B-27C5-4109-8A83-D3635D725121}"
	ProjectSection(ProjectDependencies) = postProject
		{8D66D1DD-6DFF-4D87-9A66-E89355651985} = {8D66D1DD-6DFF-4D87-9A66-E89355651985}
	EndProjectSection
EndProject
Project("{FAE04EC0-301F-11D3-BF4B-00C04F79EFBC}") = "ProjetoAndre.TestUi", "ProjetoAndre.TestUi\ProjetoAndre.TestUi.csproj", "{A1150A08-536B-46E7-88CD-D0E579814750}"
EndProject
Global
	GlobalSection(SolutionConfigurationPlatforms) = preSolution
		Debug|Any CPU = Debug|Any CPU
		Release|Any CPU = Release|Any CPU
	EndGlobalSection
	GlobalSection(ProjectConfigurationPlatforms) = postSolution
		{8D66D1DD-6DFF-4D87-9A66-E89355651985}.Debug|Any CPU.ActiveCfg = Debug|Any CPU
		{8D66D1DD-6DFF-4D87-9A66-E89355651985}.Debug|Any CPU.Build.0 = Debug|Any CPU
		{8D66D1DD-6DFF-4D87-9A66-E89355651985}.Release|Any CPU.ActiveCfg = Release|Any CPU
		{8D66D1DD-6DFF-4D87-9A66-E89355651985}.Release|Any CPU.Build.0 = Release|Any CPU
		{BFD29F65-3519-4144-8A37-0F26F6D2125A}.Debug|Any CPU.ActiveCfg = Debug|Any CPU
		{BFD29F65-3519-4144-8A37-0F26F6D2125A}.Debug|Any CPU.Build.0 = Debug|Any CPU
		{BFD29F65-3519-4144-8A37-0F26F6D2125A}.Release|Any CPU.ActiveCfg = Release|Any CPU
		{BFD29F65-3519-4144-8A37-0F26F6D2125A}.Release|Any CPU.Build.0 = Release|Any CPU
		{D87925A3-0EAB-476B-B151-54D644C4CFF6}.Debug|Any CPU.ActiveCfg = Debug|Any CPU
		{D87925A3-0EAB-476B-B151-54D644C4CFF6}.Debug|Any CPU.Build.0 = Debug|Any CPU
		{D87925A3-0EAB-476B-B151-54D644C4CFF6}.Release|Any CPU.ActiveCfg = Release|Any CPU
		{D87925A3-0EAB-476B-B151-54D644C4CFF6}.Release|Any CPU.Build.0 = Release|Any CPU
		{D0C7B89B-27C5-4109-8A83-D3635D725121}.Debug|Any CPU.ActiveCfg = Debug|Any CPU
		{D0C7B89B-27C5-4109-8A83-D3635D725121}.Debug|Any CPU.Build.0 = Debug|Any CPU
		{D0C7B89B-27C5-4109-8A83-D3635D725121}.Release|Any CPU.ActiveCfg = Release|Any CPU
		{D0C7B89B-27C5-4109-8A83-D3635D725121}.Release|Any CPU.Build.0 = Release|Any CPU
		{A1150A08-536B-46E7-88CD-D0E579814750}.Debug|Any CPU.ActiveCfg = Debug|Any CPU
		{A1150A08-536B-46E7-88CD-D0E579814750}.Debug|Any CPU.Build.0 = Debug|Any CPU
		{A1150A08-536B-46E7-88CD-D0E579814750}.Release|Any CPU.ActiveCfg = Release|Any CPU
		{A1150A08-536B-46E7-88CD-D0E579814750}.Release|Any CPU.Build.0 = Release|Any CPU
	EndGlobalSection
	GlobalSection(SolutionProperties) = preSolution
		HideSolutionNode = FALSE
	EndGlobalSection
EndGlobal
